github.com/alecthomas/assert/v2 v2.0.3 h1:WKqJODfOiQG0nEJKFKzDIG3E29CN2/4zR9XGJzKIkbg=
github.com/alecthomas/participle/v2 v2.0.0-beta.5 h1:y6dsSYVb1G5eK6mgmy+BgI3Mw35a3WghArZ/Hbebrjo=
github.com/alecthomas/participle/v2 v2.0.0-beta.5/go.mod h1:RC764t6n4L8D8ITAJv0qdokritYSNR3wV5cVwmIEaMM=
github.com/alecthomas/repr v0.1.1 h1:87P60cSmareLAxMc4Hro0r2RBY4ROm0dYwkJNpS4pPs=
github.com/alecthomas/repr v0.1.1/go.mod h1:Fr0507jx4eOXV7AlPV6AVZLYrLIuIeSOWtW57eE/O/4=
github.com/hexops/gotextdiff v1.0.3 h1:gitA9+qJrrTCsiCl7+kh75nPqQt1cx4ZkudSTLoUqJM=
github.com/oasisprotocol/curve25519-voi v0.0.0-20220328075252-7dd334e3daae h1:7smdlrfdcZic4VfsGKD2ulWL804a4GVphr4s7WZxGiY=
github.com/oasisprotocol/curve25519-voi v0.0.0-20220328075252-7dd334e3daae/go.mod h1:hVoHR2EVESiICEMbg137etN/Lx+lSrHPTD39Z/uE+2s=
github.com/snksoft/crc v1.1.0 h1:HkLdI4taFlgGGG1KvsWMpz78PkOC9TkPVpTV/cuWn48=
github.com/snksoft/crc v1.1.0/go.mod h1:5/gUOsgAm7OmIhb6WJzw7w5g2zfJi4FrHYgGPdshE+A=
golang.org/x/crypto v0.0.0-20220321153916-2c7772ba3064 h1:S25/rfnfsMVgORT4/J61MJ7rdyseOZOyvLIrZEZ7s6s=
golang.org/x/crypto v0.0.0-20220321153916-2c7772ba3064/go.mod h1:IxCIyHEi3zRg3s0A5j5BB6A9Jmi73HwBIUl50j+osU4=
golang.org/x/exp v0.0.0-20230116083435-1de6713980de h1:DBWn//IJw30uYCgERoxCg84hWtA97F4wMiKOIh00Uf0=
golang.org/x/exp v0.0.0-20230116083435-1de6713980de/go.mod h1:CxIveKay+FTh1D0yPZemJVgC/95VzuuOLq5Qi4xnoYc=
golang.org/x/sys v0.1.0 h1:kunALQeHf1/185U1i0GOB/fy1IPRDDpuoOOqRReG57U=
golang.org/x/sys v0.1.0/go.mod h1:oPkhp1MJrh7nUepCBck5+mAzfO9JrbApNNgaTdGDITg=
